
Microsoft Visual Studio Solution File, Format Version 12.00
# Visual Studio Version 16
VisualStudioVersion = 16.0.31727.386
MinimumVisualStudioVersion = 10.0.40219.1
Project("{9A19103F-16F7-4668-BE54-9A1E7A4F7556}") = "WebAPI", "WebAPI\WebAPI.csproj", "{1F2162C6-4242-4C61-976B-40203AA45123}"
EndProject
Project("{FAE04EC0-301F-11D3-BF4B-00C04F79EFBC}") = "Maxim_Laura_La12.Android", "Maxim_Laura_La12\Maxim_Laura_La12.Android\Maxim_Laura_La12.Android.csproj", "{2F226892-6E54-4C9A-8BEC-AB99DCAEEA05}"
EndProject
Project("{FAE04EC0-301F-11D3-BF4B-00C04F79EFBC}") = "Maxim_Laura_La12.iOS", "Maxim_Laura_La12\Maxim_Laura_La12.iOS\Maxim_Laura_La12.iOS.csproj", "{941A5A0B-9635-43C9-A3A8-B91CE8611035}"
EndProject
Project("{9A19103F-16F7-4668-BE54-9A1E7A4F7556}") = "Maxim_Laura_La12", "Maxim_Laura_La12\Maxim_Laura_La12\Maxim_Laura_La12.csproj", "{4F5F1EB5-9BAA-41D6-B664-1EF4D15E49A2}"
EndProject
Global
	GlobalSection(SolutionConfigurationPlatforms) = preSolution
		Debug|Any CPU = Debug|Any CPU
		Debug|iPhone = Debug|iPhone
		Debug|iPhoneSimulator = Debug|iPhoneSimulator
		Release|Any CPU = Release|Any CPU
		Release|iPhone = Release|iPhone
		Release|iPhoneSimulator = Release|iPhoneSimulator
	EndGlobalSection
	GlobalSection(ProjectConfigurationPlatforms) = postSolution
		{1F2162C6-4242-4C61-976B-40203AA45123}.Debug|Any CPU.ActiveCfg = Debug|Any CPU
		{1F2162C6-4242-4C61-976B-40203AA45123}.Debug|Any CPU.Build.0 = Debug|Any CPU
		{1F2162C6-4242-4C61-976B-40203AA45123}.Debug|iPhone.ActiveCfg = Debug|Any CPU
		{1F2162C6-4242-4C61-976B-40203AA45123}.Debug|iPhone.Build.0 = Debug|Any CPU
		{1F2162C6-4242-4C61-976B-40203AA45123}.Debug|iPhoneSimulator.ActiveCfg = Debug|Any CPU
		{1F2162C6-4242-4C61-976B-40203AA45123}.Debug|iPhoneSimulator.Build.0 = Debug|Any CPU
		{1F2162C6-4242-4C61-976B-40203AA45123}.Release|Any CPU.ActiveCfg = Release|Any CPU
		{1F2162C6-4242-4C61-976B-40203AA45123}.Release|Any CPU.Build.0 = Release|Any CPU
		{1F2162C6-4242-4C61-976B-40203AA45123}.Release|iPhone.ActiveCfg = Release|Any CPU
		{1F2162C6-4242-4C61-976B-40203AA45123}.Release|iPhone.Build.0 = Release|Any CPU
		{1F2162C6-4242-4C61-976B-40203AA45123}.Release|iPhoneSimulator.ActiveCfg = Release|Any CPU
		{1F2162C6-4242-4C61-976B-40203AA45123}.Release|iPhoneSimulator.Build.0 = Release|Any CPU
		{2F226892-6E54-4C9A-8BEC-AB99DCAEEA05}.Debug|Any CPU.ActiveCfg = Debug|Any CPU
		{2F226892-6E54-4C9A-8BEC-AB99DCAEEA05}.Debug|Any CPU.Build.0 = Debug|Any CPU
		{2F226892-6E54-4C9A-8BEC-AB99DCAEEA05}.Debug|Any CPU.Deploy.0 = Debug|Any CPU
		{2F226892-6E54-4C9A-8BEC-AB99DCAEEA05}.Debug|iPhone.ActiveCfg = Debug|Any CPU
		{2F226892-6E54-4C9A-8BEC-AB99DCAEEA05}.Debug|iPhone.Build.0 = Debug|Any CPU
		{2F226892-6E54-4C9A-8BEC-AB99DCAEEA05}.Debug|iPhone.Deploy.0 = Debug|Any CPU
		{2F226892-6E54-4C9A-8BEC-AB99DCAEEA05}.Debug|iPhoneSimulator.ActiveCfg = Debug|Any CPU
		{2F226892-6E54-4C9A-8BEC-AB99DCAEEA05}.Debug|iPhoneSimulator.Build.0 = Debug|Any CPU
		{2F226892-6E54-4C9A-8BEC-AB99DCAEEA05}.Debug|iPhoneSimulator.Deploy.0 = Debug|Any CPU
		{2F226892-6E54-4C9A-8BEC-AB99DCAEEA05}.Release|Any CPU.ActiveCfg = Release|Any CPU
		{2F226892-6E54-4C9A-8BEC-AB99DCAEEA05}.Release|Any CPU.Build.0 = Release|Any CPU
		{2F226892-6E54-4C9A-8BEC-AB99DCAEEA05}.Release|Any CPU.Deploy.0 = Release|Any CPU
		{2F226892-6E54-4C9A-8BEC-AB99DCAEEA05}.Release|iPhone.ActiveCfg = Release|Any CPU
		{2F226892-6E54-4C9A-8BEC-AB99DCAEEA05}.Release|iPhone.Build.0 = Release|Any CPU
		{2F226892-6E54-4C9A-8BEC-AB99DCAEEA05}.Release|iPhone.Deploy.0 = Release|Any CPU
		{2F226892-6E54-4C9A-8BEC-AB99DCAEEA05}.Release|iPhoneSimulator.ActiveCfg = Release|Any CPU
		{2F226892-6E54-4C9A-8BEC-AB99DCAEEA05}.Release|iPhoneSimulator.Build.0 = Release|Any CPU
		{2F226892-6E54-4C9A-8BEC-AB99DCAEEA05}.Release|iPhoneSimulator.Deploy.0 = Release|Any CPU
		{941A5A0B-9635-43C9-A3A8-B91CE8611035}.Debug|Any CPU.ActiveCfg = Debug|iPhoneSimulator
		{941A5A0B-9635-43C9-A3A8-B91CE8611035}.Debug|iPhone.ActiveCfg = Debug|iPhone
		{941A5A0B-9635-43C9-A3A8-B91CE8611035}.Debug|iPhone.Build.0 = Debug|iPhone
		{941A5A0B-9635-43C9-A3A8-B91CE8611035}.Debug|iPhoneSimulator.ActiveCfg = Debug|iPhoneSimulator
		{941A5A0B-9635-43C9-A3A8-B91CE8611035}.Debug|iPhoneSimulator.Build.0 = Debug|iPhoneSimulator
		{941A5A0B-9635-43C9-A3A8-B91CE8611035}.Release|Any CPU.ActiveCfg = Release|iPhoneSimulator
		{941A5A0B-9635-43C9-A3A8-B91CE8611035}.Release|iPhone.ActiveCfg = Release|iPhone
		{941A5A0B-9635-43C9-A3A8-B91CE8611035}.Release|iPhone.Build.0 = Release|iPhone
		{941A5A0B-9635-43C9-A3A8-B91CE8611035}.Release|iPhoneSimulator.ActiveCfg = Release|iPhoneSimulator
		{941A5A0B-9635-43C9-A3A8-B91CE8611035}.Release|iPhoneSimulator.Build.0 = Release|iPhoneSimulator
		{4F5F1EB5-9BAA-41D6-B664-1EF4D15E49A2}.Debug|Any CPU.ActiveCfg = Debug|Any CPU
		{4F5F1EB5-9BAA-41D6-B664-1EF4D15E49A2}.Debug|Any CPU.Build.0 = Debug|Any CPU
		{4F5F1EB5-9BAA-41D6-B664-1EF4D15E49A2}.Debug|iPhone.ActiveCfg = Debug|Any CPU
		{4F5F1EB5-9BAA-41D6-B664-1EF4D15E49A2}.Debug|iPhone.Build.0 = Debug|Any CPU
		{4F5F1EB5-9BAA-41D6-B664-1EF4D15E49A2}.Debug|iPhoneSimulator.ActiveCfg = Debug|Any CPU
		{4F5F1EB5-9BAA-41D6-B664-1EF4D15E49A2}.Debug|iPhoneSimulator.Build.0 = Debug|Any CPU
		{4F5F1EB5-9BAA-41D6-B664-1EF4D15E49A2}.Release|Any CPU.ActiveCfg = Release|Any CPU
		{4F5F1EB5-9BAA-41D6-B664-1EF4D15E49A2}.Release|Any CPU.Build.0 = Release|Any CPU
		{4F5F1EB5-9BAA-41D6-B664-1EF4D15E49A2}.Release|iPhone.ActiveCfg = Release|Any CPU
		{4F5F1EB5-9BAA-41D6-B664-1EF4D15E49A2}.Release|iPhone.Build.0 = Release|Any CPU
		{4F5F1EB5-9BAA-41D6-B664-1EF4D15E49A2}.Release|iPhoneSimulator.ActiveCfg = Release|Any CPU
		{4F5F1EB5-9BAA-41D6-B664-1EF4D15E49A2}.Release|iPhoneSimulator.Build.0 = Release|Any CPU
	EndGlobalSection
	GlobalSection(SolutionProperties) = preSolution
		HideSolutionNode = FALSE
	EndGlobalSection
	GlobalSection(ExtensibilityGlobals) = postSolution
		SolutionGuid = {2C5749DB-4F50-4174-827D-7E7DDDB45765}
	EndGlobalSection
EndGlobal
